
Microsoft Visual Studio Solution File, Format Version 12.00
# Visual Studio Version 17
VisualStudioVersion = 17.12.35707.178
MinimumVisualStudioVersion = 10.0.40219.1
Project("{FAE04EC0-301F-11D3-BF4B-00C04F79EFBC}") = "WebPhonebook", "WebPhonebook\WebPhonebook.csproj", "{1D1E8C7F-BB3C-4189-91E9-7763A73483E4}"
EndProject
Project("{FAE04EC0-301F-11D3-BF4B-00C04F79EFBC}") = "DesktopPhonebook", "DesktopPhonebook\DesktopPhonebook.csproj", "{D5D668A4-C559-48C6-9900-FDC6EF6CDC2D}"
EndProject
Global
	GlobalSection(SolutionConfigurationPlatforms) = preSolution
		Debug|Any CPU = Debug|Any CPU
		Release|Any CPU = Release|Any CPU
	EndGlobalSection
	GlobalSection(ProjectConfigurationPlatforms) = postSolution
		{1D1E8C7F-BB3C-4189-91E9-7763A73483E4}.Debug|Any CPU.ActiveCfg = Debug|Any CPU
		{1D1E8C7F-BB3C-4189-91E9-7763A73483E4}.Debug|Any CPU.Build.0 = Debug|Any CPU
		{1D1E8C7F-BB3C-4189-91E9-7763A73483E4}.Release|Any CPU.ActiveCfg = Release|Any CPU
		{1D1E8C7F-BB3C-4189-91E9-7763A73483E4}.Release|Any CPU.Build.0 = Release|Any CPU
		{D5D668A4-C559-48C6-9900-FDC6EF6CDC2D}.Debug|Any CPU.ActiveCfg = Debug|Any CPU
		{D5D668A4-C559-48C6-9900-FDC6EF6CDC2D}.Debug|Any CPU.Build.0 = Debug|Any CPU
		{D5D668A4-C559-48C6-9900-FDC6EF6CDC2D}.Release|Any CPU.ActiveCfg = Release|Any CPU
		{D5D668A4-C559-48C6-9900-FDC6EF6CDC2D}.Release|Any CPU.Build.0 = Release|Any CPU
	EndGlobalSection
	GlobalSection(SolutionProperties) = preSolution
		HideSolutionNode = FALSE
	EndGlobalSection
EndGlobal
